{
  "requires": true,
  "lockfileVersion": 1,
  "dependencies": {
    "@types/chart.js": {
      "version": "2.8.4",
      "resolved": "https://registry.npmjs.org/@types/chart.js/-/chart.js-2.8.4.tgz",
      "integrity": "sha512-qc73o22TTRaNbxqXKvZpYynxkzKHhGVYgJ+J8M/iVfXJPxHP+5UJlRM+VuPSyP++sGjZjX9kc3wkIv+hDD4IKQ=="
    },
    "lodash": {
      "version": "4.17.15",
      "resolved": "https://registry.npmjs.org/lodash/-/lodash-4.17.15.tgz",
      "integrity": "sha512-8xOcRHvCjnocdS5cpwXQXVzmmh5e5+saE2QGoeQmbKmRS6J3VQppPOIt0MnmE+4xlZoumy0GPG0D0MVIQbNA1A=="
    },
    "ng2-charts": {
      "version": "2.2.3",
      "resolved": "https://registry.npmjs.org/ng2-charts/-/ng2-charts-2.2.3.tgz",
      "integrity": "sha512-Kxj2bewn537xGFVkR7AgDmfqV+YH4hIL4R36EjlUI9WCWnphzY+VKZGX+D+usXd8e+znuqly+sbGHjddLxupUA==",
      "requires": {
        "@types/chart.js": "^2.7.48",
        "lodash": "^4.17.11",
        "tslib": "^1.9.0"
      }
    },
    "tslib": {
      "version": "1.10.0",
      "resolved": "https://registry.npmjs.org/tslib/-/tslib-1.10.0.tgz",
      "integrity": "sha512-qOebF53frne81cf0S9B41ByenJ3/IuH8yJKngAX35CmiZySA0khhkovshKK+jGCaMnVomla7gVlIcc3EvKPbTQ=="
    }
  }
}
